
Microsoft Visual Studio Solution File, Format Version 12.00
# Visual Studio Version 17
VisualStudioVersion = 17.4.33110.190
MinimumVisualStudioVersion = 10.0.40219.1
Project("{FAE04EC0-301F-11D3-BF4B-00C04F79EFBC}") = "CovarianceContravarianceAndRecords", "CovarianceContravarianceAndRecords\CovarianceContravarianceAndRecords.csproj", "{1910FC33-0F0C-420E-B097-7906025939B8}"
EndProject
Global
	GlobalSection(SolutionConfigurationPlatforms) = preSolution
		Debug|Any CPU = Debug|Any CPU
		Release|Any CPU = Release|Any CPU
	EndGlobalSection
	GlobalSection(ProjectConfigurationPlatforms) = postSolution
		{1910FC33-0F0C-420E-B097-7906025939B8}.Debug|Any CPU.ActiveCfg = Debug|Any CPU
		{1910FC33-0F0C-420E-B097-7906025939B8}.Debug|Any CPU.Build.0 = Debug|Any CPU
		{1910FC33-0F0C-420E-B097-7906025939B8}.Release|Any CPU.ActiveCfg = Release|Any CPU
		{1910FC33-0F0C-420E-B097-7906025939B8}.Release|Any CPU.Build.0 = Release|Any CPU
	EndGlobalSection
	GlobalSection(SolutionProperties) = preSolution
		HideSolutionNode = FALSE
	EndGlobalSection
	GlobalSection(ExtensibilityGlobals) = postSolution
		SolutionGuid = {990B1C97-4BE5-44DA-97A2-25BC29C1C981}
	EndGlobalSection
EndGlobal
